
Microsoft Visual Studio Solution File, Format Version 12.00
# Visual Studio 15
VisualStudioVersion = 15.0.27703.2000
MinimumVisualStudioVersion = 10.0.40219.1
Project("{FAE04EC0-301F-11D3-BF4B-00C04F79EFBC}") = "PassaRegua.Android", "PassaRegua\PassaRegua.Android\PassaRegua.Android.csproj", "{7F93B32F-D221-4D8B-B4DA-4375E637FC60}"
EndProject
Project("{FAE04EC0-301F-11D3-BF4B-00C04F79EFBC}") = "PassaRegua.iOS", "PassaRegua\PassaRegua.iOS\PassaRegua.iOS.csproj", "{5187961C-EBBC-4FCC-A004-CB4B8A4AA894}"
EndProject
Project("{FAE04EC0-301F-11D3-BF4B-00C04F79EFBC}") = "PassaRegua.UWP", "PassaRegua\PassaRegua.UWP\PassaRegua.UWP.csproj", "{39649D3C-ADA3-4043-94D2-B2E14F21CEB2}"
EndProject
Project("{D954291E-2A0B-460D-934E-DC6B0785DB48}") = "PassaRegua", "PassaRegua\PassaRegua\PassaRegua.shproj", "{FB8047D3-6A70-49D0-BE13-8B8288752767}"
EndProject
Global
	GlobalSection(SharedMSBuildProjectFiles) = preSolution
		PassaRegua\PassaRegua\PassaRegua.projitems*{39649d3c-ada3-4043-94d2-b2e14f21ceb2}*SharedItemsImports = 4
		PassaRegua\PassaRegua\PassaRegua.projitems*{5187961c-ebbc-4fcc-a004-cb4b8a4aa894}*SharedItemsImports = 4
		PassaRegua\PassaRegua\PassaRegua.projitems*{7f93b32f-d221-4d8b-b4da-4375e637fc60}*SharedItemsImports = 4
		PassaRegua\PassaRegua\PassaRegua.projitems*{fb8047d3-6a70-49d0-be13-8b8288752767}*SharedItemsImports = 13
	EndGlobalSection
	GlobalSection(SolutionConfigurationPlatforms) = preSolution
		Ad-Hoc|Any CPU = Ad-Hoc|Any CPU
		Ad-Hoc|ARM = Ad-Hoc|ARM
		Ad-Hoc|iPhone = Ad-Hoc|iPhone
		Ad-Hoc|iPhoneSimulator = Ad-Hoc|iPhoneSimulator
		Ad-Hoc|x64 = Ad-Hoc|x64
		Ad-Hoc|x86 = Ad-Hoc|x86
		AppStore|Any CPU = AppStore|Any CPU
		AppStore|ARM = AppStore|ARM
		AppStore|iPhone = AppStore|iPhone
		AppStore|iPhoneSimulator = AppStore|iPhoneSimulator
		AppStore|x64 = AppStore|x64
		AppStore|x86 = AppStore|x86
		Debug|Any CPU = Debug|Any CPU
		Debug|ARM = Debug|ARM
		Debug|iPhone = Debug|iPhone
		Debug|iPhoneSimulator = Debug|iPhoneSimulator
		Debug|x64 = Debug|x64
		Debug|x86 = Debug|x86
		Release|Any CPU = Release|Any CPU
		Release|ARM = Release|ARM
		Release|iPhone = Release|iPhone
		Release|iPhoneSimulator = Release|iPhoneSimulator
		Release|x64 = Release|x64
		Release|x86 = Release|x86
	EndGlobalSection
	GlobalSection(ProjectConfigurationPlatforms) = postSolution
		{7F93B32F-D221-4D8B-B4DA-4375E637FC60}.Ad-Hoc|Any CPU.ActiveCfg = Release|Any CPU
		{7F93B32F-D221-4D8B-B4DA-4375E637FC60}.Ad-Hoc|Any CPU.Build.0 = Release|Any CPU
		{7F93B32F-D221-4D8B-B4DA-4375E637FC60}.Ad-Hoc|Any CPU.Deploy.0 = Release|Any CPU
		{7F93B32F-D221-4D8B-B4DA-4375E637FC60}.Ad-Hoc|ARM.ActiveCfg = Release|Any CPU
		{7F93B32F-D221-4D8B-B4DA-4375E637FC60}.Ad-Hoc|ARM.Build.0 = Release|Any CPU
		{7F93B32F-D221-4D8B-B4DA-4375E637FC60}.Ad-Hoc|ARM.Deploy.0 = Release|Any CPU
		{7F93B32F-D221-4D8B-B4DA-4375E637FC60}.Ad-Hoc|iPhone.ActiveCfg = Release|Any CPU
		{7F93B32F-D221-4D8B-B4DA-4375E637FC60}.Ad-Hoc|iPhone.Build.0 = Release|Any CPU
		{7F93B32F-D221-4D8B-B4DA-4375E637FC60}.Ad-Hoc|iPhone.Deploy.0 = Release|Any CPU
		{7F93B32F-D221-4D8B-B4DA-4375E637FC60}.Ad-Hoc|iPhoneSimulator.ActiveCfg = Release|Any CPU
		{7F93B32F-D221-4D8B-B4DA-4375E637FC60}.Ad-Hoc|iPhoneSimulator.Build.0 = Release|Any CPU
		{7F93B32F-D221-4D8B-B4DA-4375E637FC60}.Ad-Hoc|iPhoneSimulator.Deploy.0 = Release|Any CPU
		{7F93B32F-D221-4D8B-B4DA-4375E637FC60}.Ad-Hoc|x64.ActiveCfg = Release|Any CPU
		{7F93B32F-D221-4D8B-B4DA-4375E637FC60}.Ad-Hoc|x64.Build.0 = Release|Any CPU
		{7F93B32F-D221-4D8B-B4DA-4375E637FC60}.Ad-Hoc|x64.Deploy.0 = Release|Any CPU
		{7F93B32F-D221-4D8B-B4DA-4375E637FC60}.Ad-Hoc|x86.ActiveCfg = Release|Any CPU
		{7F93B32F-D221-4D8B-B4DA-4375E637FC60}.Ad-Hoc|x86.Build.0 = Release|Any CPU
		{7F93B32F-D221-4D8B-B4DA-4375E637FC60}.Ad-Hoc|x86.Deploy.0 = Release|Any CPU
		{7F93B32F-D221-4D8B-B4DA-4375E637FC60}.AppStore|Any CPU.ActiveCfg = Release|Any CPU
		{7F93B32F-D221-4D8B-B4DA-4375E637FC60}.AppStore|Any CPU.Build.0 = Release|Any CPU
		{7F93B32F-D221-4D8B-B4DA-4375E637FC60}.AppStore|Any CPU.Deploy.0 = Release|Any CPU
		{7F93B32F-D221-4D8B-B4DA-4375E637FC60}.AppStore|ARM.ActiveCfg = Release|Any CPU
		{7F93B32F-D221-4D8B-B4DA-4375E637FC60}.AppStore|ARM.Build.0 = Release|Any CPU
		{7F93B32F-D221-4D8B-B4DA-4375E637FC60}.AppStore|ARM.Deploy.0 = Release|Any CPU
		{7F93B32F-D221-4D8B-B4DA-4375E637FC60}.AppStore|iPhone.ActiveCfg = Release|Any CPU
		{7F93B32F-D221-4D8B-B4DA-4375E637FC60}.AppStore|iPhone.Build.0 = Release|Any CPU
		{7F93B32F-D221-4D8B-B4DA-4375E637FC60}.AppStore|iPhone.Deploy.0 = Release|Any CPU
		{7F93B32F-D221-4D8B-B4DA-4375E637FC60}.AppStore|iPhoneSimulator.ActiveCfg = Release|Any CPU
		{7F93B32F-D221-4D8B-B4DA-4375E637FC60}.AppStore|iPhoneSimulator.Build.0 = Release|Any CPU
		{7F93B32F-D221-4D8B-B4DA-4375E637FC60}.AppStore|iPhoneSimulator.Deploy.0 = Release|Any CPU
		{7F93B32F-D221-4D8B-B4DA-4375E637FC60}.AppStore|x64.ActiveCfg = Release|Any CPU
		{7F93B32F-D221-4D8B-B4DA-4375E637FC60}.AppStore|x64.Build.0 = Release|Any CPU
		{7F93B32F-D221-4D8B-B4DA-4375E637FC60}.AppStore|x64.Deploy.0 = Release|Any CPU
		{7F93B32F-D221-4D8B-B4DA-4375E637FC60}.AppStore|x86.ActiveCfg = Release|Any CPU
		{7F93B32F-D221-4D8B-B4DA-4375E637FC60}.AppStore|x86.Build.0 = Release|Any CPU
		{7F93B32F-D221-4D8B-B4DA-4375E637FC60}.AppStore|x86.Deploy.0 = Release|Any CPU
		{7F93B32F-D221-4D8B-B4DA-4375E637FC60}.Debug|Any CPU.ActiveCfg = Debug|Any CPU
		{7F93B32F-D221-4D8B-B4DA-4375E637FC60}.Debug|Any CPU.Build.0 = Debug|Any CPU
		{7F93B32F-D221-4D8B-B4DA-4375E637FC60}.Debug|Any CPU.Deploy.0 = Debug|Any CPU
		{7F93B32F-D221-4D8B-B4DA-4375E637FC60}.Debug|ARM.ActiveCfg = Debug|Any CPU
		{7F93B32F-D221-4D8B-B4DA-4375E637FC60}.Debug|ARM.Build.0 = Debug|Any CPU
		{7F93B32F-D221-4D8B-B4DA-4375E637FC60}.Debug|ARM.Deploy.0 = Debug|Any CPU
		{7F93B32F-D221-4D8B-B4DA-4375E637FC60}.Debug|iPhone.ActiveCfg = Debug|Any CPU
		{7F93B32F-D221-4D8B-B4DA-4375E637FC60}.Debug|iPhone.Build.0 = Debug|Any CPU
		{7F93B32F-D221-4D8B-B4DA-4375E637FC60}.Debug|iPhone.Deploy.0 = Debug|Any CPU
		{7F93B32F-D221-4D8B-B4DA-4375E637FC60}.Debug|iPhoneSimulator.ActiveCfg = Debug|Any CPU
		{7F93B32F-D221-4D8B-B4DA-4375E637FC60}.Debug|iPhoneSimulator.Build.0 = Debug|Any CPU
		{7F93B32F-D221-4D8B-B4DA-4375E637FC60}.Debug|iPhoneSimulator.Deploy.0 = Debug|Any CPU
		{7F93B32F-D221-4D8B-B4DA-4375E637FC60}.Debug|x64.ActiveCfg = Debug|Any CPU
		{7F93B32F-D221-4D8B-B4DA-4375E637FC60}.Debug|x64.Build.0 = Debug|Any CPU
		{7F93B32F-D221-4D8B-B4DA-4375E637FC60}.Debug|x64.Deploy.0 = Debug|Any CPU
		{7F93B32F-D221-4D8B-B4DA-4375E637FC60}.Debug|x86.ActiveCfg = Debug|Any CPU
		{7F93B32F-D221-4D8B-B4DA-4375E637FC60}.Debug|x86.Build.0 = Debug|Any CPU
		{7F93B32F-D221-4D8B-B4DA-4375E637FC60}.Debug|x86.Deploy.0 = Debug|Any CPU
		{7F93B32F-D221-4D8B-B4DA-4375E637FC60}.Release|Any CPU.ActiveCfg = Release|Any CPU
		{7F93B32F-D221-4D8B-B4DA-4375E637FC60}.Release|Any CPU.Build.0 = Release|Any CPU
		{7F93B32F-D221-4D8B-B4DA-4375E637FC60}.Release|Any CPU.Deploy.0 = Release|Any CPU
		{7F93B32F-D221-4D8B-B4DA-4375E637FC60}.Release|ARM.ActiveCfg = Release|Any CPU
		{7F93B32F-D221-4D8B-B4DA-4375E637FC60}.Release|ARM.Build.0 = Release|Any CPU
		{7F93B32F-D221-4D8B-B4DA-4375E637FC60}.Release|ARM.Deploy.0 = Release|Any CPU
		{7F93B32F-D221-4D8B-B4DA-4375E637FC60}.Release|iPhone.ActiveCfg = Release|Any CPU
		{7F93B32F-D221-4D8B-B4DA-4375E637FC60}.Release|iPhone.Build.0 = Release|Any CPU
		{7F93B32F-D221-4D8B-B4DA-4375E637FC60}.Release|iPhone.Deploy.0 = Release|Any CPU
		{7F93B32F-D221-4D8B-B4DA-4375E637FC60}.Release|iPhoneSimulator.ActiveCfg = Release|Any CPU
		{7F93B32F-D221-4D8B-B4DA-4375E637FC60}.Release|iPhoneSimulator.Build.0 = Release|Any CPU
		{7F93B32F-D221-4D8B-B4DA-4375E637FC60}.Release|iPhoneSimulator.Deploy.0 = Release|Any CPU
		{7F93B32F-D221-4D8B-B4DA-4375E637FC60}.Release|x64.ActiveCfg = Release|Any CPU
		{7F93B32F-D221-4D8B-B4DA-4375E637FC60}.Release|x64.Build.0 = Release|Any CPU
		{7F93B32F-D221-4D8B-B4DA-4375E637FC60}.Release|x64.Deploy.0 = Release|Any CPU
		{7F93B32F-D221-4D8B-B4DA-4375E637FC60}.Release|x86.ActiveCfg = Release|Any CPU
		{7F93B32F-D221-4D8B-B4DA-4375E637FC60}.Release|x86.Build.0 = Release|Any CPU
		{7F93B32F-D221-4D8B-B4DA-4375E637FC60}.Release|x86.Deploy.0 = Release|Any CPU
		{5187961C-EBBC-4FCC-A004-CB4B8A4AA894}.Ad-Hoc|Any CPU.ActiveCfg = Ad-Hoc|iPhone
		{5187961C-EBBC-4FCC-A004-CB4B8A4AA894}.Ad-Hoc|Any CPU.Build.0 = Ad-Hoc|iPhone
		{5187961C-EBBC-4FCC-A004-CB4B8A4AA894}.Ad-Hoc|Any CPU.Deploy.0 = Ad-Hoc|iPhone
		{5187961C-EBBC-4FCC-A004-CB4B8A4AA894}.Ad-Hoc|ARM.ActiveCfg = Ad-Hoc|iPhone
		{5187961C-EBBC-4FCC-A004-CB4B8A4AA894}.Ad-Hoc|ARM.Build.0 = Ad-Hoc|iPhone
		{5187961C-EBBC-4FCC-A004-CB4B8A4AA894}.Ad-Hoc|ARM.Deploy.0 = Ad-Hoc|iPhone
		{5187961C-EBBC-4FCC-A004-CB4B8A4AA894}.Ad-Hoc|iPhone.ActiveCfg = Ad-Hoc|iPhone
		{5187961C-EBBC-4FCC-A004-CB4B8A4AA894}.Ad-Hoc|iPhone.Build.0 = Ad-Hoc|iPhone
		{5187961C-EBBC-4FCC-A004-CB4B8A4AA894}.Ad-Hoc|iPhone.Deploy.0 = Ad-Hoc|iPhone
		{5187961C-EBBC-4FCC-A004-CB4B8A4AA894}.Ad-Hoc|iPhoneSimulator.ActiveCfg = Ad-Hoc|iPhoneSimulator
		{5187961C-EBBC-4FCC-A004-CB4B8A4AA894}.Ad-Hoc|iPhoneSimulator.Build.0 = Ad-Hoc|iPhoneSimulator
		{5187961C-EBBC-4FCC-A004-CB4B8A4AA894}.Ad-Hoc|iPhoneSimulator.Deploy.0 = Ad-Hoc|iPhoneSimulator
		{5187961C-EBBC-4FCC-A004-CB4B8A4AA894}.Ad-Hoc|x64.ActiveCfg = Ad-Hoc|iPhone
		{5187961C-EBBC-4FCC-A004-CB4B8A4AA894}.Ad-Hoc|x64.Build.0 = Ad-Hoc|iPhone
		{5187961C-EBBC-4FCC-A004-CB4B8A4AA894}.Ad-Hoc|x64.Deploy.0 = Ad-Hoc|iPhone
		{5187961C-EBBC-4FCC-A004-CB4B8A4AA894}.Ad-Hoc|x86.ActiveCfg = Ad-Hoc|iPhone
		{5187961C-EBBC-4FCC-A004-CB4B8A4AA894}.Ad-Hoc|x86.Build.0 = Ad-Hoc|iPhone
		{5187961C-EBBC-4FCC-A004-CB4B8A4AA894}.Ad-Hoc|x86.Deploy.0 = Ad-Hoc|iPhone
		{5187961C-EBBC-4FCC-A004-CB4B8A4AA894}.AppStore|Any CPU.ActiveCfg = AppStore|iPhone
		{5187961C-EBBC-4FCC-A004-CB4B8A4AA894}.AppStore|Any CPU.Build.0 = AppStore|iPhone
		{5187961C-EBBC-4FCC-A004-CB4B8A4AA894}.AppStore|Any CPU.Deploy.0 = AppStore|iPhone
		{5187961C-EBBC-4FCC-A004-CB4B8A4AA894}.AppStore|ARM.ActiveCfg = AppStore|iPhone
		{5187961C-EBBC-4FCC-A004-CB4B8A4AA894}.AppStore|ARM.Build.0 = AppStore|iPhone
		{5187961C-EBBC-4FCC-A004-CB4B8A4AA894}.AppStore|ARM.Deploy.0 = AppStore|iPhone
		{5187961C-EBBC-4FCC-A004-CB4B8A4AA894}.AppStore|iPhone.ActiveCfg = AppStore|iPhone
		{5187961C-EBBC-4FCC-A004-CB4B8A4AA894}.AppStore|iPhone.Build.0 = AppStore|iPhone
		{5187961C-EBBC-4FCC-A004-CB4B8A4AA894}.AppStore|iPhone.Deploy.0 = AppStore|iPhone
		{5187961C-EBBC-4FCC-A004-CB4B8A4AA894}.AppStore|iPhoneSimulator.ActiveCfg = AppStore|iPhoneSimulator
		{5187961C-EBBC-4FCC-A004-CB4B8A4AA894}.AppStore|iPhoneSimulator.Build.0 = AppStore|iPhoneSimulator
		{5187961C-EBBC-4FCC-A004-CB4B8A4AA894}.AppStore|iPhoneSimulator.Deploy.0 = AppStore|iPhoneSimulator
		{5187961C-EBBC-4FCC-A004-CB4B8A4AA894}.AppStore|x64.ActiveCfg = AppStore|iPhone
		{5187961C-EBBC-4FCC-A004-CB4B8A4AA894}.AppStore|x64.Build.0 = AppStore|iPhone
		{5187961C-EBBC-4FCC-A004-CB4B8A4AA894}.AppStore|x64.Deploy.0 = AppStore|iPhone
		{5187961C-EBBC-4FCC-A004-CB4B8A4AA894}.AppStore|x86.ActiveCfg = AppStore|iPhone
		{5187961C-EBBC-4FCC-A004-CB4B8A4AA894}.AppStore|x86.Build.0 = AppStore|iPhone
		{5187961C-EBBC-4FCC-A004-CB4B8A4AA894}.AppStore|x86.Deploy.0 = AppStore|iPhone
		{5187961C-EBBC-4FCC-A004-CB4B8A4AA894}.Debug|Any CPU.ActiveCfg = Debug|iPhoneSimulator
		{5187961C-EBBC-4FCC-A004-CB4B8A4AA894}.Debug|Any CPU.Build.0 = Debug|iPhoneSimulator
		{5187961C-EBBC-4FCC-A004-CB4B8A4AA894}.Debug|Any CPU.Deploy.0 = Debug|iPhoneSimulator
		{5187961C-EBBC-4FCC-A004-CB4B8A4AA894}.Debug|ARM.ActiveCfg = Debug|iPhone
		{5187961C-EBBC-4FCC-A004-CB4B8A4AA894}.Debug|ARM.Build.0 = Debug|iPhone
		{5187961C-EBBC-4FCC-A004-CB4B8A4AA894}.Debug|ARM.Deploy.0 = Debug|iPhone
		{5187961C-EBBC-4FCC-A004-CB4B8A4AA894}.Debug|iPhone.ActiveCfg = Debug|iPhone
		{5187961C-EBBC-4FCC-A004-CB4B8A4AA894}.Debug|iPhone.Build.0 = Debug|iPhone
		{5187961C-EBBC-4FCC-A004-CB4B8A4AA894}.Debug|iPhone.Deploy.0 = Debug|iPhone
		{5187961C-EBBC-4FCC-A004-CB4B8A4AA894}.Debug|iPhoneSimulator.ActiveCfg = Debug|iPhoneSimulator
		{5187961C-EBBC-4FCC-A004-CB4B8A4AA894}.Debug|iPhoneSimulator.Build.0 = Debug|iPhoneSimulator
		{5187961C-EBBC-4FCC-A004-CB4B8A4AA894}.Debug|iPhoneSimulator.Deploy.0 = Debug|iPhoneSimulator
		{5187961C-EBBC-4FCC-A004-CB4B8A4AA894}.Debug|x64.ActiveCfg = Debug|iPhone
		{5187961C-EBBC-4FCC-A004-CB4B8A4AA894}.Debug|x64.Build.0 = Debug|iPhone
		{5187961C-EBBC-4FCC-A004-CB4B8A4AA894}.Debug|x64.Deploy.0 = Debug|iPhone
		{5187961C-EBBC-4FCC-A004-CB4B8A4AA894}.Debug|x86.ActiveCfg = Debug|iPhone
		{5187961C-EBBC-4FCC-A004-CB4B8A4AA894}.Debug|x86.Build.0 = Debug|iPhone
		{5187961C-EBBC-4FCC-A004-CB4B8A4AA894}.Debug|x86.Deploy.0 = Debug|iPhone
		{5187961C-EBBC-4FCC-A004-CB4B8A4AA894}.Release|Any CPU.ActiveCfg = Release|iPhone
		{5187961C-EBBC-4FCC-A004-CB4B8A4AA894}.Release|Any CPU.Build.0 = Release|iPhone
		{5187961C-EBBC-4FCC-A004-CB4B8A4AA894}.Release|Any CPU.Deploy.0 = Release|iPhone
		{5187961C-EBBC-4FCC-A004-CB4B8A4AA894}.Release|ARM.ActiveCfg = Release|iPhone
		{5187961C-EBBC-4FCC-A004-CB4B8A4AA894}.Release|ARM.Build.0 = Release|iPhone
		{5187961C-EBBC-4FCC-A004-CB4B8A4AA894}.Release|ARM.Deploy.0 = Release|iPhone
		{5187961C-EBBC-4FCC-A004-CB4B8A4AA894}.Release|iPhone.ActiveCfg = Release|iPhone
		{5187961C-EBBC-4FCC-A004-CB4B8A4AA894}.Release|iPhone.Build.0 = Release|iPhone
		{5187961C-EBBC-4FCC-A004-CB4B8A4AA894}.Release|iPhone.Deploy.0 = Release|iPhone
		{5187961C-EBBC-4FCC-A004-CB4B8A4AA894}.Release|iPhoneSimulator.ActiveCfg = Release|iPhoneSimulator
		{5187961C-EBBC-4FCC-A004-CB4B8A4AA894}.Release|iPhoneSimulator.Build.0 = Release|iPhoneSimulator
		{5187961C-EBBC-4FCC-A004-CB4B8A4AA894}.Release|iPhoneSimulator.Deploy.0 = Release|iPhoneSimulator
		{5187961C-EBBC-4FCC-A004-CB4B8A4AA894}.Release|x64.ActiveCfg = Release|iPhone
		{5187961C-EBBC-4FCC-A004-CB4B8A4AA894}.Release|x64.Build.0 = Release|iPhone
		{5187961C-EBBC-4FCC-A004-CB4B8A4AA894}.Release|x64.Deploy.0 = Release|iPhone
		{5187961C-EBBC-4FCC-A004-CB4B8A4AA894}.Release|x86.ActiveCfg = Release|iPhone
		{5187961C-EBBC-4FCC-A004-CB4B8A4AA894}.Release|x86.Build.0 = Release|iPhone
		{5187961C-EBBC-4FCC-A004-CB4B8A4AA894}.Release|x86.Deploy.0 = Release|iPhone
		{39649D3C-ADA3-4043-94D2-B2E14F21CEB2}.Ad-Hoc|Any CPU.ActiveCfg = Release|x86
		{39649D3C-ADA3-4043-94D2-B2E14F21CEB2}.Ad-Hoc|Any CPU.Build.0 = Release|x86
		{39649D3C-ADA3-4043-94D2-B2E14F21CEB2}.Ad-Hoc|Any CPU.Deploy.0 = Release|x86
		{39649D3C-ADA3-4043-94D2-B2E14F21CEB2}.Ad-Hoc|ARM.ActiveCfg = Release|ARM
		{39649D3C-ADA3-4043-94D2-B2E14F21CEB2}.Ad-Hoc|ARM.Build.0 = Release|ARM
		{39649D3C-ADA3-4043-94D2-B2E14F21CEB2}.Ad-Hoc|ARM.Deploy.0 = Release|ARM
		{39649D3C-ADA3-4043-94D2-B2E14F21CEB2}.Ad-Hoc|iPhone.ActiveCfg = Release|x86
		{39649D3C-ADA3-4043-94D2-B2E14F21CEB2}.Ad-Hoc|iPhone.Build.0 = Release|x86
		{39649D3C-ADA3-4043-94D2-B2E14F21CEB2}.Ad-Hoc|iPhone.Deploy.0 = Release|x86
		{39649D3C-ADA3-4043-94D2-B2E14F21CEB2}.Ad-Hoc|iPhoneSimulator.ActiveCfg = Release|x86
		{39649D3C-ADA3-4043-94D2-B2E14F21CEB2}.Ad-Hoc|iPhoneSimulator.Build.0 = Release|x86
		{39649D3C-ADA3-4043-94D2-B2E14F21CEB2}.Ad-Hoc|iPhoneSimulator.Deploy.0 = Release|x86
		{39649D3C-ADA3-4043-94D2-B2E14F21CEB2}.Ad-Hoc|x64.ActiveCfg = Release|x64
		{39649D3C-ADA3-4043-94D2-B2E14F21CEB2}.Ad-Hoc|x64.Build.0 = Release|x64
		{39649D3C-ADA3-4043-94D2-B2E14F21CEB2}.Ad-Hoc|x64.Deploy.0 = Release|x64
		{39649D3C-ADA3-4043-94D2-B2E14F21CEB2}.Ad-Hoc|x86.ActiveCfg = Release|x86
		{39649D3C-ADA3-4043-94D2-B2E14F21CEB2}.Ad-Hoc|x86.Build.0 = Release|x86
		{39649D3C-ADA3-4043-94D2-B2E14F21CEB2}.Ad-Hoc|x86.Deploy.0 = Release|x86
		{39649D3C-ADA3-4043-94D2-B2E14F21CEB2}.AppStore|Any CPU.ActiveCfg = Release|x86
		{39649D3C-ADA3-4043-94D2-B2E14F21CEB2}.AppStore|Any CPU.Build.0 = Release|x86
		{39649D3C-ADA3-4043-94D2-B2E14F21CEB2}.AppStore|Any CPU.Deploy.0 = Release|x86
		{39649D3C-ADA3-4043-94D2-B2E14F21CEB2}.AppStore|ARM.ActiveCfg = Release|ARM
		{39649D3C-ADA3-4043-94D2-B2E14F21CEB2}.AppStore|ARM.Build.0 = Release|ARM
		{39649D3C-ADA3-4043-94D2-B2E14F21CEB2}.AppStore|ARM.Deploy.0 = Release|ARM
		{39649D3C-ADA3-4043-94D2-B2E14F21CEB2}.AppStore|iPhone.ActiveCfg = Release|x86
		{39649D3C-ADA3-4043-94D2-B2E14F21CEB2}.AppStore|iPhone.Build.0 = Release|x86
		{39649D3C-ADA3-4043-94D2-B2E14F21CEB2}.AppStore|iPhone.Deploy.0 = Release|x86
		{39649D3C-ADA3-4043-94D2-B2E14F21CEB2}.AppStore|iPhoneSimulator.ActiveCfg = Release|x86
		{39649D3C-ADA3-4043-94D2-B2E14F21CEB2}.AppStore|iPhoneSimulator.Build.0 = Release|x86
		{39649D3C-ADA3-4043-94D2-B2E14F21CEB2}.AppStore|iPhoneSimulator.Deploy.0 = Release|x86
		{39649D3C-ADA3-4043-94D2-B2E14F21CEB2}.AppStore|x64.ActiveCfg = Release|x64
		{39649D3C-ADA3-4043-94D2-B2E14F21CEB2}.AppStore|x64.Build.0 = Release|x64
		{39649D3C-ADA3-4043-94D2-B2E14F21CEB2}.AppStore|x64.Deploy.0 = Release|x64
		{39649D3C-ADA3-4043-94D2-B2E14F21CEB2}.AppStore|x86.ActiveCfg = Release|x86
		{39649D3C-ADA3-4043-94D2-B2E14F21CEB2}.AppStore|x86.Build.0 = Release|x86
		{39649D3C-ADA3-4043-94D2-B2E14F21CEB2}.AppStore|x86.Deploy.0 = Release|x86
		{39649D3C-ADA3-4043-94D2-B2E14F21CEB2}.Debug|Any CPU.ActiveCfg = Debug|x86
		{39649D3C-ADA3-4043-94D2-B2E14F21CEB2}.Debug|Any CPU.Build.0 = Debug|x86
		{39649D3C-ADA3-4043-94D2-B2E14F21CEB2}.Debug|Any CPU.Deploy.0 = Debug|x86
		{39649D3C-ADA3-4043-94D2-B2E14F21CEB2}.Debug|ARM.ActiveCfg = Debug|ARM
		{39649D3C-ADA3-4043-94D2-B2E14F21CEB2}.Debug|ARM.Build.0 = Debug|ARM
		{39649D3C-ADA3-4043-94D2-B2E14F21CEB2}.Debug|ARM.Deploy.0 = Debug|ARM
		{39649D3C-ADA3-4043-94D2-B2E14F21CEB2}.Debug|iPhone.ActiveCfg = Debug|x86
		{39649D3C-ADA3-4043-94D2-B2E14F21CEB2}.Debug|iPhone.Build.0 = Debug|x86
		{39649D3C-ADA3-4043-94D2-B2E14F21CEB2}.Debug|iPhone.Deploy.0 = Debug|x86
		{39649D3C-ADA3-4043-94D2-B2E14F21CEB2}.Debug|iPhoneSimulator.ActiveCfg = Debug|x86
		{39649D3C-ADA3-4043-94D2-B2E14F21CEB2}.Debug|iPhoneSimulator.Build.0 = Debug|x86
		{39649D3C-ADA3-4043-94D2-B2E14F21CEB2}.Debug|iPhoneSimulator.Deploy.0 = Debug|x86
		{39649D3C-ADA3-4043-94D2-B2E14F21CEB2}.Debug|x64.ActiveCfg = Debug|x64
		{39649D3C-ADA3-4043-94D2-B2E14F21CEB2}.Debug|x64.Build.0 = Debug|x64
		{39649D3C-ADA3-4043-94D2-B2E14F21CEB2}.Debug|x64.Deploy.0 = Debug|x64
		{39649D3C-ADA3-4043-94D2-B2E14F21CEB2}.Debug|x86.ActiveCfg = Debug|x86
		{39649D3C-ADA3-4043-94D2-B2E14F21CEB2}.Debug|x86.Build.0 = Debug|x86
		{39649D3C-ADA3-4043-94D2-B2E14F21CEB2}.Debug|x86.Deploy.0 = Debug|x86
		{39649D3C-ADA3-4043-94D2-B2E14F21CEB2}.Release|Any CPU.ActiveCfg = Release|x86
		{39649D3C-ADA3-4043-94D2-B2E14F21CEB2}.Release|Any CPU.Build.0 = Release|x86
		{39649D3C-ADA3-4043-94D2-B2E14F21CEB2}.Release|Any CPU.Deploy.0 = Release|x86
		{39649D3C-ADA3-4043-94D2-B2E14F21CEB2}.Release|ARM.ActiveCfg = Release|ARM
		{39649D3C-ADA3-4043-94D2-B2E14F21CEB2}.Release|ARM.Build.0 = Release|ARM
		{39649D3C-ADA3-4043-94D2-B2E14F21CEB2}.Release|ARM.Deploy.0 = Release|ARM
		{39649D3C-ADA3-4043-94D2-B2E14F21CEB2}.Release|iPhone.ActiveCfg = Release|x86
		{39649D3C-ADA3-4043-94D2-B2E14F21CEB2}.Release|iPhone.Build.0 = Release|x86
		{39649D3C-ADA3-4043-94D2-B2E14F21CEB2}.Release|iPhone.Deploy.0 = Release|x86
		{39649D3C-ADA3-4043-94D2-B2E14F21CEB2}.Release|iPhoneSimulator.ActiveCfg = Release|x86
		{39649D3C-ADA3-4043-94D2-B2E14F21CEB2}.Release|iPhoneSimulator.Build.0 = Release|x86
		{39649D3C-ADA3-4043-94D2-B2E14F21CEB2}.Release|iPhoneSimulator.Deploy.0 = Release|x86
		{39649D3C-ADA3-4043-94D2-B2E14F21CEB2}.Release|x64.ActiveCfg = Release|x64
		{39649D3C-ADA3-4043-94D2-B2E14F21CEB2}.Release|x64.Build.0 = Release|x64
		{39649D3C-ADA3-4043-94D2-B2E14F21CEB2}.Release|x64.Deploy.0 = Release|x64
		{39649D3C-ADA3-4043-94D2-B2E14F21CEB2}.Release|x86.ActiveCfg = Release|x86
		{39649D3C-ADA3-4043-94D2-B2E14F21CEB2}.Release|x86.Build.0 = Release|x86
		{39649D3C-ADA3-4043-94D2-B2E14F21CEB2}.Release|x86.Deploy.0 = Release|x86
	EndGlobalSection
	GlobalSection(SolutionProperties) = preSolution
		HideSolutionNode = FALSE
	EndGlobalSection
	GlobalSection(ExtensibilityGlobals) = postSolution
		SolutionGuid = {5B34DE5A-F8DD-4295-B6F1-E40451867750}
	EndGlobalSection
EndGlobal
